
Microsoft Visual Studio Solution File, Format Version 12.00
# Visual Studio Version 17
VisualStudioVersion = 17.13.35825.156
MinimumVisualStudioVersion = 10.0.40219.1
Project("{8BC9CEB8-8B4A-11D0-8D11-00A0C91BC942}") = "proxy", "proxy\proxy.vcxproj", "{BD919FEF-CDB8-46A7-9D18-429D9E210613}"
EndProject
Project("{8BC9CEB8-8B4A-11D0-8D11-00A0C91BC942}") = "client", "client\client.vcxproj", "{783D70A1-F71C-4C95-BA4C-9549D3F42B60}"
EndProject
Project("{8BC9CEB8-8B4A-11D0-8D11-00A0C91BC942}") = "server", "server\server.vcxproj", "{3064BD12-A121-48BC-9AF4-A0D16A577CEA}"
EndProject
Global
	GlobalSection(SolutionConfigurationPlatforms) = preSolution
		Debug|x64 = Debug|x64
		Debug|x86 = Debug|x86
		Release|x64 = Release|x64
		Release|x86 = Release|x86
	EndGlobalSection
	GlobalSection(ProjectConfigurationPlatforms) = postSolution
		{BD919FEF-CDB8-46A7-9D18-429D9E210613}.Debug|x64.ActiveCfg = Debug|x64
		{BD919FEF-CDB8-46A7-9D18-429D9E210613}.Debug|x64.Build.0 = Debug|x64
		{BD919FEF-CDB8-46A7-9D18-429D9E210613}.Debug|x86.ActiveCfg = Debug|Win32
		{BD919FEF-CDB8-46A7-9D18-429D9E210613}.Debug|x86.Build.0 = Debug|Win32
		{BD919FEF-CDB8-46A7-9D18-429D9E210613}.Release|x64.ActiveCfg = Release|x64
		{BD919FEF-CDB8-46A7-9D18-429D9E210613}.Release|x64.Build.0 = Release|x64
		{BD919FEF-CDB8-46A7-9D18-429D9E210613}.Release|x86.ActiveCfg = Release|Win32
		{BD919FEF-CDB8-46A7-9D18-429D9E210613}.Release|x86.Build.0 = Release|Win32
		{783D70A1-F71C-4C95-BA4C-9549D3F42B60}.Debug|x64.ActiveCfg = Debug|x64
		{783D70A1-F71C-4C95-BA4C-9549D3F42B60}.Debug|x64.Build.0 = Debug|x64
		{783D70A1-F71C-4C95-BA4C-9549D3F42B60}.Debug|x86.ActiveCfg = Debug|Win32
		{783D70A1-F71C-4C95-BA4C-9549D3F42B60}.Debug|x86.Build.0 = Debug|Win32
		{783D70A1-F71C-4C95-BA4C-9549D3F42B60}.Release|x64.ActiveCfg = Release|x64
		{783D70A1-F71C-4C95-BA4C-9549D3F42B60}.Release|x64.Build.0 = Release|x64
		{783D70A1-F71C-4C95-BA4C-9549D3F42B60}.Release|x86.ActiveCfg = Release|Win32
		{783D70A1-F71C-4C95-BA4C-9549D3F42B60}.Release|x86.Build.0 = Release|Win32
		{3064BD12-A121-48BC-9AF4-A0D16A577CEA}.Debug|x64.ActiveCfg = Debug|x64
		{3064BD12-A121-48BC-9AF4-A0D16A577CEA}.Debug|x64.Build.0 = Debug|x64
		{3064BD12-A121-48BC-9AF4-A0D16A577CEA}.Debug|x86.ActiveCfg = Debug|Win32
		{3064BD12-A121-48BC-9AF4-A0D16A577CEA}.Debug|x86.Build.0 = Debug|Win32
		{3064BD12-A121-48BC-9AF4-A0D16A577CEA}.Release|x64.ActiveCfg = Release|x64
		{3064BD12-A121-48BC-9AF4-A0D16A577CEA}.Release|x64.Build.0 = Release|x64
		{3064BD12-A121-48BC-9AF4-A0D16A577CEA}.Release|x86.ActiveCfg = Release|Win32
		{3064BD12-A121-48BC-9AF4-A0D16A577CEA}.Release|x86.Build.0 = Release|Win32
	EndGlobalSection
	GlobalSection(SolutionProperties) = preSolution
		HideSolutionNode = FALSE
	EndGlobalSection
	GlobalSection(ExtensibilityGlobals) = postSolution
		SolutionGuid = {55B3EB40-111B-4148-BD78-56371D3F2EFB}
	EndGlobalSection
EndGlobal
